
Microsoft Visual Studio Solution File, Format Version 12.00
# Visual Studio Version 17
VisualStudioVersion = 17.12.35506.116
MinimumVisualStudioVersion = 10.0.40219.1
Project("{FAE04EC0-301F-11D3-BF4B-00C04F79EFBC}") = "QuickLook.ImageGlass.WebP.Test", "QuickLook.ImageGlass.WebP.Test\QuickLook.ImageGlass.WebP.Test.csproj", "{FEFA6FB2-AABF-4F03-A642-BB2A89858D2B}"
EndProject
Project("{FAE04EC0-301F-11D3-BF4B-00C04F79EFBC}") = "QuickLook.ImageGlass.WebP", "QuickLook.ImageGlass.WebP\QuickLook.ImageGlass.WebP.csproj", "{B619F6E8-9814-44D4-A767-8C6177109E68}"
EndProject
Project("{FAE04EC0-301F-11D3-BF4B-00C04F79EFBC}") = "QuickLook.ImageGlass.WebP.Net4", "QuickLook.ImageGlass.WebP.Net4\QuickLook.ImageGlass.WebP.Net4.csproj", "{0CB77D29-C565-44AB-AE70-EFB11A7D7A89}"
EndProject
Global
	GlobalSection(SolutionConfigurationPlatforms) = preSolution
		Debug|Any CPU = Debug|Any CPU
		Release|Any CPU = Release|Any CPU
	EndGlobalSection
	GlobalSection(ProjectConfigurationPlatforms) = postSolution
		{FEFA6FB2-AABF-4F03-A642-BB2A89858D2B}.Debug|Any CPU.ActiveCfg = Debug|Any CPU
		{FEFA6FB2-AABF-4F03-A642-BB2A89858D2B}.Debug|Any CPU.Build.0 = Debug|Any CPU
		{FEFA6FB2-AABF-4F03-A642-BB2A89858D2B}.Release|Any CPU.ActiveCfg = Release|Any CPU
		{FEFA6FB2-AABF-4F03-A642-BB2A89858D2B}.Release|Any CPU.Build.0 = Release|Any CPU
		{B619F6E8-9814-44D4-A767-8C6177109E68}.Debug|Any CPU.ActiveCfg = Debug|Any CPU
		{B619F6E8-9814-44D4-A767-8C6177109E68}.Debug|Any CPU.Build.0 = Debug|Any CPU
		{B619F6E8-9814-44D4-A767-8C6177109E68}.Release|Any CPU.ActiveCfg = Release|Any CPU
		{B619F6E8-9814-44D4-A767-8C6177109E68}.Release|Any CPU.Build.0 = Release|Any CPU
		{0CB77D29-C565-44AB-AE70-EFB11A7D7A89}.Debug|Any CPU.ActiveCfg = Debug|Any CPU
		{0CB77D29-C565-44AB-AE70-EFB11A7D7A89}.Debug|Any CPU.Build.0 = Debug|Any CPU
		{0CB77D29-C565-44AB-AE70-EFB11A7D7A89}.Release|Any CPU.ActiveCfg = Release|Any CPU
		{0CB77D29-C565-44AB-AE70-EFB11A7D7A89}.Release|Any CPU.Build.0 = Release|Any CPU
	EndGlobalSection
	GlobalSection(SolutionProperties) = preSolution
		HideSolutionNode = FALSE
	EndGlobalSection
EndGlobal
